
Microsoft Visual Studio Solution File, Format Version 12.00
# Visual Studio Version 17
VisualStudioVersion = 17.3.32929.385
MinimumVisualStudioVersion = 10.0.40219.1
Project("{FAE04EC0-301F-11D3-BF4B-00C04F79EFBC}") = "Herteg_Alina_Laboratorul2", "Herteg_Alina_Laboratorul2.csproj", "{D2FA96A6-DB13-416D-932A-30D3364AE5AD}"
EndProject
Global
	GlobalSection(SolutionConfigurationPlatforms) = preSolution
		Debug|Any CPU = Debug|Any CPU
		Release|Any CPU = Release|Any CPU
	EndGlobalSection
	GlobalSection(ProjectConfigurationPlatforms) = postSolution
		{D2FA96A6-DB13-416D-932A-30D3364AE5AD}.Debug|Any CPU.ActiveCfg = Debug|Any CPU
		{D2FA96A6-DB13-416D-932A-30D3364AE5AD}.Debug|Any CPU.Build.0 = Debug|Any CPU
		{D2FA96A6-DB13-416D-932A-30D3364AE5AD}.Release|Any CPU.ActiveCfg = Release|Any CPU
		{D2FA96A6-DB13-416D-932A-30D3364AE5AD}.Release|Any CPU.Build.0 = Release|Any CPU
	EndGlobalSection
	GlobalSection(SolutionProperties) = preSolution
		HideSolutionNode = FALSE
	EndGlobalSection
	GlobalSection(ExtensibilityGlobals) = postSolution
		SolutionGuid = {88BC1F49-DC7D-46F8-B680-2F3036A20AFD}
	EndGlobalSection
EndGlobal
